
Microsoft Visual Studio Solution File, Format Version 12.00
# Visual Studio 2012
Project("{FAE04EC0-301F-11D3-BF4B-00C04F79EFBC}") = "ccpsd.notificaciones.web", "ccpsd.notificaciones.web\ccpsd.notificaciones.web.csproj", "{23DFCFD5-B158-4C0D-9C31-5E9CB64C64CF}"
EndProject
Project("{FAE04EC0-301F-11D3-BF4B-00C04F79EFBC}") = "ccpsd.notificaciones.client", "ccpsd.notificaciones.client\ccpsd.notificaciones.client.csproj", "{2BD61D7E-FA7A-4B1B-9050-04EEE68A8765}"
EndProject
Project("{FAE04EC0-301F-11D3-BF4B-00C04F79EFBC}") = "ccpsd.notificaciones.core", "ccpsd.notificaciones.core\ccpsd.notificaciones.core.csproj", "{BD0A41E7-0F8B-4827-A495-E5238D132DE4}"
EndProject
Project("{FAE04EC0-301F-11D3-BF4B-00C04F79EFBC}") = "ccpsd.notificaciones.ApiWinTest", "ccpsd.notificaciones.ApiWinTest\ccpsd.notificaciones.ApiWinTest.csproj", "{9B5B3604-B2DD-4946-B296-B4A21C25AA23}"
EndProject
Global
	GlobalSection(SolutionConfigurationPlatforms) = preSolution
		Debug|Any CPU = Debug|Any CPU
		Release|Any CPU = Release|Any CPU
	EndGlobalSection
	GlobalSection(ProjectConfigurationPlatforms) = postSolution
		{23DFCFD5-B158-4C0D-9C31-5E9CB64C64CF}.Debug|Any CPU.ActiveCfg = Debug|Any CPU
		{23DFCFD5-B158-4C0D-9C31-5E9CB64C64CF}.Debug|Any CPU.Build.0 = Debug|Any CPU
		{23DFCFD5-B158-4C0D-9C31-5E9CB64C64CF}.Release|Any CPU.ActiveCfg = Release|Any CPU
		{23DFCFD5-B158-4C0D-9C31-5E9CB64C64CF}.Release|Any CPU.Build.0 = Release|Any CPU
		{2BD61D7E-FA7A-4B1B-9050-04EEE68A8765}.Debug|Any CPU.ActiveCfg = Debug|Any CPU
		{2BD61D7E-FA7A-4B1B-9050-04EEE68A8765}.Debug|Any CPU.Build.0 = Debug|Any CPU
		{2BD61D7E-FA7A-4B1B-9050-04EEE68A8765}.Release|Any CPU.ActiveCfg = Release|Any CPU
		{2BD61D7E-FA7A-4B1B-9050-04EEE68A8765}.Release|Any CPU.Build.0 = Release|Any CPU
		{BD0A41E7-0F8B-4827-A495-E5238D132DE4}.Debug|Any CPU.ActiveCfg = Debug|Any CPU
		{BD0A41E7-0F8B-4827-A495-E5238D132DE4}.Debug|Any CPU.Build.0 = Debug|Any CPU
		{BD0A41E7-0F8B-4827-A495-E5238D132DE4}.Release|Any CPU.ActiveCfg = Release|Any CPU
		{BD0A41E7-0F8B-4827-A495-E5238D132DE4}.Release|Any CPU.Build.0 = Release|Any CPU
		{9B5B3604-B2DD-4946-B296-B4A21C25AA23}.Debug|Any CPU.ActiveCfg = Debug|Any CPU
		{9B5B3604-B2DD-4946-B296-B4A21C25AA23}.Debug|Any CPU.Build.0 = Debug|Any CPU
		{9B5B3604-B2DD-4946-B296-B4A21C25AA23}.Release|Any CPU.ActiveCfg = Release|Any CPU
		{9B5B3604-B2DD-4946-B296-B4A21C25AA23}.Release|Any CPU.Build.0 = Release|Any CPU
	EndGlobalSection
	GlobalSection(SolutionProperties) = preSolution
		HideSolutionNode = FALSE
	EndGlobalSection
EndGlobal
